
Microsoft Visual Studio Solution File, Format Version 12.00
# Visual Studio Version 16
VisualStudioVersion = 16.0.30621.155
MinimumVisualStudioVersion = 10.0.40219.1
Project("{FAE04EC0-301F-11D3-BF4B-00C04F79EFBC}") = "Domaine", "Domaine\Domaine.csproj", "{1DE4CE38-AC70-4F29-98C2-EAFAC12C55D2}"
EndProject
Project("{FAE04EC0-301F-11D3-BF4B-00C04F79EFBC}") = "Console1", "Console1\Console1.csproj", "{587B78B0-1CCD-4498-8658-DDB7B8B38D26}"
EndProject
Project("{FAE04EC0-301F-11D3-BF4B-00C04F79EFBC}") = "Service", "Service\Service.csproj", "{B461DD68-CD1F-40A8-A491-42F7F01FD522}"
EndProject
Project("{FAE04EC0-301F-11D3-BF4B-00C04F79EFBC}") = "Data", "Data\Data.csproj", "{C3876D62-513E-4376-81DA-CE499E1A7489}"
EndProject
Project("{FAE04EC0-301F-11D3-BF4B-00C04F79EFBC}") = "Web", "Web\Web.csproj", "{0846EAC0-439B-4D55-897A-8B9BDD21C1C5}"
EndProject
Global
	GlobalSection(SolutionConfigurationPlatforms) = preSolution
		Debug|Any CPU = Debug|Any CPU
		Release|Any CPU = Release|Any CPU
	EndGlobalSection
	GlobalSection(ProjectConfigurationPlatforms) = postSolution
		{1DE4CE38-AC70-4F29-98C2-EAFAC12C55D2}.Debug|Any CPU.ActiveCfg = Debug|Any CPU
		{1DE4CE38-AC70-4F29-98C2-EAFAC12C55D2}.Debug|Any CPU.Build.0 = Debug|Any CPU
		{1DE4CE38-AC70-4F29-98C2-EAFAC12C55D2}.Release|Any CPU.ActiveCfg = Release|Any CPU
		{1DE4CE38-AC70-4F29-98C2-EAFAC12C55D2}.Release|Any CPU.Build.0 = Release|Any CPU
		{587B78B0-1CCD-4498-8658-DDB7B8B38D26}.Debug|Any CPU.ActiveCfg = Debug|Any CPU
		{587B78B0-1CCD-4498-8658-DDB7B8B38D26}.Debug|Any CPU.Build.0 = Debug|Any CPU
		{587B78B0-1CCD-4498-8658-DDB7B8B38D26}.Release|Any CPU.ActiveCfg = Release|Any CPU
		{587B78B0-1CCD-4498-8658-DDB7B8B38D26}.Release|Any CPU.Build.0 = Release|Any CPU
		{B461DD68-CD1F-40A8-A491-42F7F01FD522}.Debug|Any CPU.ActiveCfg = Debug|Any CPU
		{B461DD68-CD1F-40A8-A491-42F7F01FD522}.Debug|Any CPU.Build.0 = Debug|Any CPU
		{B461DD68-CD1F-40A8-A491-42F7F01FD522}.Release|Any CPU.ActiveCfg = Release|Any CPU
		{B461DD68-CD1F-40A8-A491-42F7F01FD522}.Release|Any CPU.Build.0 = Release|Any CPU
		{C3876D62-513E-4376-81DA-CE499E1A7489}.Debug|Any CPU.ActiveCfg = Debug|Any CPU
		{C3876D62-513E-4376-81DA-CE499E1A7489}.Debug|Any CPU.Build.0 = Debug|Any CPU
		{C3876D62-513E-4376-81DA-CE499E1A7489}.Release|Any CPU.ActiveCfg = Release|Any CPU
		{C3876D62-513E-4376-81DA-CE499E1A7489}.Release|Any CPU.Build.0 = Release|Any CPU
		{0846EAC0-439B-4D55-897A-8B9BDD21C1C5}.Debug|Any CPU.ActiveCfg = Debug|Any CPU
		{0846EAC0-439B-4D55-897A-8B9BDD21C1C5}.Debug|Any CPU.Build.0 = Debug|Any CPU
		{0846EAC0-439B-4D55-897A-8B9BDD21C1C5}.Release|Any CPU.ActiveCfg = Release|Any CPU
		{0846EAC0-439B-4D55-897A-8B9BDD21C1C5}.Release|Any CPU.Build.0 = Release|Any CPU
	EndGlobalSection
	GlobalSection(SolutionProperties) = preSolution
		HideSolutionNode = FALSE
	EndGlobalSection
	GlobalSection(ExtensibilityGlobals) = postSolution
		SolutionGuid = {83389F26-32F0-4A0C-8620-83E818DB697C}
	EndGlobalSection
EndGlobal
